
Microsoft Visual Studio Solution File, Format Version 12.00
# Visual Studio Version 17
VisualStudioVersion = 17.0.31825.309
MinimumVisualStudioVersion = 10.0.40219.1
Project("{9A19103F-16F7-4668-BE54-9A1E7A4F7556}") = "SatelliteSimulator", "Client\SatelliteSimulator.csproj", "{423F304E-75CE-48BC-9F37-2A2905FD5448}"
EndProject
Project("{9A19103F-16F7-4668-BE54-9A1E7A4F7556}") = "SatelliteSimulator.Server", "Server\SatelliteSimulator.Server.csproj", "{97C51E0E-282D-4634-8971-24D9D442F92C}"
EndProject
Global
	GlobalSection(SolutionConfigurationPlatforms) = preSolution
		Debug|Any CPU = Debug|Any CPU
		Release|Any CPU = Release|Any CPU
	EndGlobalSection
	GlobalSection(ProjectConfigurationPlatforms) = postSolution
		{423F304E-75CE-48BC-9F37-2A2905FD5448}.Debug|Any CPU.ActiveCfg = Debug|Any CPU
		{423F304E-75CE-48BC-9F37-2A2905FD5448}.Debug|Any CPU.Build.0 = Debug|Any CPU
		{423F304E-75CE-48BC-9F37-2A2905FD5448}.Release|Any CPU.ActiveCfg = Release|Any CPU
		{423F304E-75CE-48BC-9F37-2A2905FD5448}.Release|Any CPU.Build.0 = Release|Any CPU
		{97C51E0E-282D-4634-8971-24D9D442F92C}.Debug|Any CPU.ActiveCfg = Debug|Any CPU
		{97C51E0E-282D-4634-8971-24D9D442F92C}.Debug|Any CPU.Build.0 = Debug|Any CPU
		{97C51E0E-282D-4634-8971-24D9D442F92C}.Release|Any CPU.ActiveCfg = Release|Any CPU
		{97C51E0E-282D-4634-8971-24D9D442F92C}.Release|Any CPU.Build.0 = Release|Any CPU
	EndGlobalSection
	GlobalSection(SolutionProperties) = preSolution
		HideSolutionNode = FALSE
	EndGlobalSection
	GlobalSection(ExtensibilityGlobals) = postSolution
		SolutionGuid = {6C1AE6DF-113E-43F4-B08D-F5E6B59C2F5C}
	EndGlobalSection
EndGlobal
